
Microsoft Visual Studio Solution File, Format Version 12.00
# Visual Studio Version 17
VisualStudioVersion = 17.6.33815.320
MinimumVisualStudioVersion = 10.0.40219.1
Project("{FAE04EC0-301F-11D3-BF4B-00C04F79EFBC}") = "CreditcardApplication", "CreditcardApplication\CreditcardApplication.csproj", "{75B1BF0D-6A6F-478F-9BAB-2917874288E2}"
EndProject
Project("{FAE04EC0-301F-11D3-BF4B-00C04F79EFBC}") = "Infrastructure", "Infrastructure\Infrastructure.csproj", "{AB7232E0-4FDB-4215-8C4A-143BD37000D8}"
EndProject
Global
	GlobalSection(SolutionConfigurationPlatforms) = preSolution
		Debug|Any CPU = Debug|Any CPU
		Release|Any CPU = Release|Any CPU
	EndGlobalSection
	GlobalSection(ProjectConfigurationPlatforms) = postSolution
		{75B1BF0D-6A6F-478F-9BAB-2917874288E2}.Debug|Any CPU.ActiveCfg = Debug|Any CPU
		{75B1BF0D-6A6F-478F-9BAB-2917874288E2}.Debug|Any CPU.Build.0 = Debug|Any CPU
		{75B1BF0D-6A6F-478F-9BAB-2917874288E2}.Release|Any CPU.ActiveCfg = Release|Any CPU
		{75B1BF0D-6A6F-478F-9BAB-2917874288E2}.Release|Any CPU.Build.0 = Release|Any CPU
		{AB7232E0-4FDB-4215-8C4A-143BD37000D8}.Debug|Any CPU.ActiveCfg = Debug|Any CPU
		{AB7232E0-4FDB-4215-8C4A-143BD37000D8}.Debug|Any CPU.Build.0 = Debug|Any CPU
		{AB7232E0-4FDB-4215-8C4A-143BD37000D8}.Release|Any CPU.ActiveCfg = Release|Any CPU
		{AB7232E0-4FDB-4215-8C4A-143BD37000D8}.Release|Any CPU.Build.0 = Release|Any CPU
	EndGlobalSection
	GlobalSection(SolutionProperties) = preSolution
		HideSolutionNode = FALSE
	EndGlobalSection
	GlobalSection(ExtensibilityGlobals) = postSolution
		SolutionGuid = {A43F98C1-39E2-4FFC-9CE2-FFDA0F36DF7D}
	EndGlobalSection
EndGlobal
